
Microsoft Visual Studio Solution File, Format Version 12.00
# Visual Studio Version 17
VisualStudioVersion = 17.11.35208.52
MinimumVisualStudioVersion = 10.0.40219.1
Project("{FAE04EC0-301F-11D3-BF4B-00C04F79EFBC}") = "SirSoiActivity", "SirSoiActivity\SirSoiActivity.csproj", "{D00CF855-E657-4947-B6C2-0FB7E5C849E0}"
EndProject
Global
	GlobalSection(SolutionConfigurationPlatforms) = preSolution
		Debug|Any CPU = Debug|Any CPU
		Release|Any CPU = Release|Any CPU
	EndGlobalSection
	GlobalSection(ProjectConfigurationPlatforms) = postSolution
		{D00CF855-E657-4947-B6C2-0FB7E5C849E0}.Debug|Any CPU.ActiveCfg = Debug|Any CPU
		{D00CF855-E657-4947-B6C2-0FB7E5C849E0}.Debug|Any CPU.Build.0 = Debug|Any CPU
		{D00CF855-E657-4947-B6C2-0FB7E5C849E0}.Release|Any CPU.ActiveCfg = Release|Any CPU
		{D00CF855-E657-4947-B6C2-0FB7E5C849E0}.Release|Any CPU.Build.0 = Release|Any CPU
	EndGlobalSection
	GlobalSection(SolutionProperties) = preSolution
		HideSolutionNode = FALSE
	EndGlobalSection
	GlobalSection(ExtensibilityGlobals) = postSolution
		SolutionGuid = {C0031474-C4F3-4D97-BFA8-0FCD610A4578}
	EndGlobalSection
EndGlobal
